
Microsoft Visual Studio Solution File, Format Version 12.00
# Visual Studio Version 17
VisualStudioVersion = 17.14.36414.22 d17.14
MinimumVisualStudioVersion = 10.0.40219.1
Project("{FAE04EC0-301F-11D3-BF4B-00C04F79EFBC}") = "NotificationContracts", "NotificationContracts.csproj", "{5D845F25-C9B6-4F71-904B-13D16E7832DB}"
EndProject
Global
	GlobalSection(SolutionConfigurationPlatforms) = preSolution
		Debug|Any CPU = Debug|Any CPU
		Release|Any CPU = Release|Any CPU
	EndGlobalSection
	GlobalSection(ProjectConfigurationPlatforms) = postSolution
		{5D845F25-C9B6-4F71-904B-13D16E7832DB}.Debug|Any CPU.ActiveCfg = Debug|Any CPU
		{5D845F25-C9B6-4F71-904B-13D16E7832DB}.Debug|Any CPU.Build.0 = Debug|Any CPU
		{5D845F25-C9B6-4F71-904B-13D16E7832DB}.Release|Any CPU.ActiveCfg = Release|Any CPU
		{5D845F25-C9B6-4F71-904B-13D16E7832DB}.Release|Any CPU.Build.0 = Release|Any CPU
	EndGlobalSection
	GlobalSection(SolutionProperties) = preSolution
		HideSolutionNode = FALSE
	EndGlobalSection
	GlobalSection(ExtensibilityGlobals) = postSolution
		SolutionGuid = {CBCE0EDF-52E0-487E-8257-E892BE7BA251}
	EndGlobalSection
EndGlobal
